
Microsoft Visual Studio Solution File, Format Version 12.00
# Visual Studio Version 17
VisualStudioVersion = 17.3.32825.248
MinimumVisualStudioVersion = 10.0.40219.1
Project("{FAE04EC0-301F-11D3-BF4B-00C04F79EFBC}") = "The-piano-house", "The-piano-house\The-piano-house.csproj", "{891588BE-08E9-4AA4-B86D-A44B169D62AA}"
EndProject
Global
	GlobalSection(SolutionConfigurationPlatforms) = preSolution
		Debug|Any CPU = Debug|Any CPU
		Release|Any CPU = Release|Any CPU
	EndGlobalSection
	GlobalSection(ProjectConfigurationPlatforms) = postSolution
		{891588BE-08E9-4AA4-B86D-A44B169D62AA}.Debug|Any CPU.ActiveCfg = Debug|Any CPU
		{891588BE-08E9-4AA4-B86D-A44B169D62AA}.Debug|Any CPU.Build.0 = Debug|Any CPU
		{891588BE-08E9-4AA4-B86D-A44B169D62AA}.Release|Any CPU.ActiveCfg = Release|Any CPU
		{891588BE-08E9-4AA4-B86D-A44B169D62AA}.Release|Any CPU.Build.0 = Release|Any CPU
	EndGlobalSection
	GlobalSection(SolutionProperties) = preSolution
		HideSolutionNode = FALSE
	EndGlobalSection
	GlobalSection(ExtensibilityGlobals) = postSolution
		SolutionGuid = {381676A9-17C1-43A8-A245-2812690155EE}
	EndGlobalSection
EndGlobal
